PODS:
  - NodeKit (0.8.1):
    - NodeKit/NKCore (= 0.8.1)
    - NodeKit/NKElectro (= 0.8.1)
    - NodeKit/NKScripting (= 0.8.1)
  - NodeKit/NKCore (0.8.1):
    - NodeKit/NKScripting
  - NodeKit/NKElectro (0.8.1):
    - NodeKit/NKScripting
  - NodeKit/NKScripting (0.8.1)

DEPENDENCIES:
  - NodeKit (>= 0.8.1)

SPEC CHECKSUMS:
  NodeKit: c3530fa52c7916b437bbed79a9821613ba56d28d

PODFILE CHECKSUM: 7011b04e8cb5854a8e81c42d65897c483152f8be

COCOAPODS: 1.0.1
